# This file is automatically @generated by Cargo.
# It is not intended for manual editing.
version = 4

[[package]]
name = "xtask"
version = "0.1.0"

[[package]]
name = "xternal"
version = "0.1.0"
dependencies = [
 "xternal-engine",
 "xternal-roblox",
 "xternal-services",
]

[[package]]
name = "xternal-engine"
version = "0.1.0"

[[package]]
name = "xternal-roblox"
version = "0.1.0"
dependencies = [
 "xternal-engine",
]

[[package]]
name = "xternal-services"
version = "0.1.0"
